
Microsoft Visual Studio Solution File, Format Version 12.00
# Visual Studio Version 17
VisualStudioVersion = 17.2.32602.215
MinimumVisualStudioVersion = 10.0.40219.1
Project("{FAE04EC0-301F-11D3-BF4B-00C04F79EFBC}") = "schedule", "schedule\schedule.csproj", "{0BE2B475-315A-4873-B2D4-E339E9F1B918}"
EndProject
Global
	GlobalSection(SolutionConfigurationPlatforms) = preSolution
		Debug|Any CPU = Debug|Any CPU
		Release|Any CPU = Release|Any CPU
	EndGlobalSection
	GlobalSection(ProjectConfigurationPlatforms) = postSolution
		{0BE2B475-315A-4873-B2D4-E339E9F1B918}.Debug|Any CPU.ActiveCfg = Debug|Any CPU
		{0BE2B475-315A-4873-B2D4-E339E9F1B918}.Debug|Any CPU.Build.0 = Debug|Any CPU
		{0BE2B475-315A-4873-B2D4-E339E9F1B918}.Release|Any CPU.ActiveCfg = Release|Any CPU
		{0BE2B475-315A-4873-B2D4-E339E9F1B918}.Release|Any CPU.Build.0 = Release|Any CPU
	EndGlobalSection
	GlobalSection(SolutionProperties) = preSolution
		HideSolutionNode = FALSE
	EndGlobalSection
	GlobalSection(ExtensibilityGlobals) = postSolution
		SolutionGuid = {C5173131-372D-40F3-908A-97D0A5C0A6B5}
	EndGlobalSection
EndGlobal
